
Microsoft Visual Studio Solution File, Format Version 12.00
# Visual Studio Version 18
VisualStudioVersion = 18.2.11415.280 d18.0
MinimumVisualStudioVersion = 10.0.40219.1
Project("{FAE04EC0-301F-11D3-BF4B-00C04F79EFBC}") = "MangaMesh.Shared", "..\..\..\mangamesh-shared\src\MangaMesh.Shared\MangaMesh.Shared\MangaMesh.Shared.csproj", "{261A9ECF-8EEF-ED86-C4E2-456F0587C494}"
EndProject
Project("{FAE04EC0-301F-11D3-BF4B-00C04F79EFBC}") = "MangaMesh.GatewayApi", "MangaMesh.GatewayApi\MangaMesh.GatewayApi.csproj", "{8567AF52-4439-FE5F-84EC-2A9208E92CFB}"
EndProject
Project("{FAE04EC0-301F-11D3-BF4B-00C04F79EFBC}") = "MangaMesh.Peer", "MangaMesh.Peer\MangaMesh.Peer.csproj", "{CCA3E38E-1340-0CB4-F3D3-7D755DB43490}"
EndProject
Project("{FAE04EC0-301F-11D3-BF4B-00C04F79EFBC}") = "MangaMesh.Peer.ClientApi", "MangaMesh.Peer.ClientApi\MangaMesh.Peer.ClientApi.csproj", "{FA0BE88E-EBD0-586A-41F2-129F5463BA77}"
EndProject
Project("{FAE04EC0-301F-11D3-BF4B-00C04F79EFBC}") = "MangaMesh.Peer.Dht.TestHarness", "MangaMesh.Peer.Dht.TestHarness\MangaMesh.Peer.Dht.TestHarness.csproj", "{06E6E1B7-DD2F-F468-AF5F-B2D4EAF73403}"
EndProject
Project("{FAE04EC0-301F-11D3-BF4B-00C04F79EFBC}") = "MangaMesh.Peer.Tests", "MangaMesh.Peer.Tests\MangaMesh.Peer.Tests.csproj", "{3B1E6A88-1863-DE46-30D5-363995EF2F3B}"
EndProject
Global
	GlobalSection(SolutionConfigurationPlatforms) = preSolution
		Debug|Any CPU = Debug|Any CPU
		Debug|x64 = Debug|x64
		Debug|x86 = Debug|x86
		Release|Any CPU = Release|Any CPU
		Release|x64 = Release|x64
		Release|x86 = Release|x86
	EndGlobalSection
	GlobalSection(ProjectConfigurationPlatforms) = postSolution
		{261A9ECF-8EEF-ED86-C4E2-456F0587C494}.Debug|Any CPU.ActiveCfg = Debug|Any CPU
		{261A9ECF-8EEF-ED86-C4E2-456F0587C494}.Debug|Any CPU.Build.0 = Debug|Any CPU
		{261A9ECF-8EEF-ED86-C4E2-456F0587C494}.Debug|x64.ActiveCfg = Debug|Any CPU
		{261A9ECF-8EEF-ED86-C4E2-456F0587C494}.Debug|x64.Build.0 = Debug|Any CPU
		{261A9ECF-8EEF-ED86-C4E2-456F0587C494}.Debug|x86.ActiveCfg = Debug|Any CPU
		{261A9ECF-8EEF-ED86-C4E2-456F0587C494}.Debug|x86.Build.0 = Debug|Any CPU
		{261A9ECF-8EEF-ED86-C4E2-456F0587C494}.Release|Any CPU.ActiveCfg = Release|Any CPU
		{261A9ECF-8EEF-ED86-C4E2-456F0587C494}.Release|Any CPU.Build.0 = Release|Any CPU
		{261A9ECF-8EEF-ED86-C4E2-456F0587C494}.Release|x64.ActiveCfg = Release|Any CPU
		{261A9ECF-8EEF-ED86-C4E2-456F0587C494}.Release|x64.Build.0 = Release|Any CPU
		{261A9ECF-8EEF-ED86-C4E2-456F0587C494}.Release|x86.ActiveCfg = Release|Any CPU
		{261A9ECF-8EEF-ED86-C4E2-456F0587C494}.Release|x86.Build.0 = Release|Any CPU
		{8567AF52-4439-FE5F-84EC-2A9208E92CFB}.Debug|Any CPU.ActiveCfg = Debug|Any CPU
		{8567AF52-4439-FE5F-84EC-2A9208E92CFB}.Debug|Any CPU.Build.0 = Debug|Any CPU
		{8567AF52-4439-FE5F-84EC-2A9208E92CFB}.Debug|x64.ActiveCfg = Debug|Any CPU
		{8567AF52-4439-FE5F-84EC-2A9208E92CFB}.Debug|x64.Build.0 = Debug|Any CPU
		{8567AF52-4439-FE5F-84EC-2A9208E92CFB}.Debug|x86.ActiveCfg = Debug|Any CPU
		{8567AF52-4439-FE5F-84EC-2A9208E92CFB}.Debug|x86.Build.0 = Debug|Any CPU
		{8567AF52-4439-FE5F-84EC-2A9208E92CFB}.Release|Any CPU.ActiveCfg = Release|Any CPU
		{8567AF52-4439-FE5F-84EC-2A9208E92CFB}.Release|Any CPU.Build.0 = Release|Any CPU
		{8567AF52-4439-FE5F-84EC-2A9208E92CFB}.Release|x64.ActiveCfg = Release|Any CPU
		{8567AF52-4439-FE5F-84EC-2A9208E92CFB}.Release|x64.Build.0 = Release|Any CPU
		{8567AF52-4439-FE5F-84EC-2A9208E92CFB}.Release|x86.ActiveCfg = Release|Any CPU
		{8567AF52-4439-FE5F-84EC-2A9208E92CFB}.Release|x86.Build.0 = Release|Any CPU
		{CCA3E38E-1340-0CB4-F3D3-7D755DB43490}.Debug|Any CPU.ActiveCfg = Debug|Any CPU
		{CCA3E38E-1340-0CB4-F3D3-7D755DB43490}.Debug|Any CPU.Build.0 = Debug|Any CPU
		{CCA3E38E-1340-0CB4-F3D3-7D755DB43490}.Debug|x64.ActiveCfg = Debug|Any CPU
		{CCA3E38E-1340-0CB4-F3D3-7D755DB43490}.Debug|x64.Build.0 = Debug|Any CPU
		{CCA3E38E-1340-0CB4-F3D3-7D755DB43490}.Debug|x86.ActiveCfg = Debug|Any CPU
		{CCA3E38E-1340-0CB4-F3D3-7D755DB43490}.Debug|x86.Build.0 = Debug|Any CPU
		{CCA3E38E-1340-0CB4-F3D3-7D755DB43490}.Release|Any CPU.ActiveCfg = Release|Any CPU
		{CCA3E38E-1340-0CB4-F3D3-7D755DB43490}.Release|Any CPU.Build.0 = Release|Any CPU
		{CCA3E38E-1340-0CB4-F3D3-7D755DB43490}.Release|x64.ActiveCfg = Release|Any CPU
		{CCA3E38E-1340-0CB4-F3D3-7D755DB43490}.Release|x64.Build.0 = Release|Any CPU
		{CCA3E38E-1340-0CB4-F3D3-7D755DB43490}.Release|x86.ActiveCfg = Release|Any CPU
		{CCA3E38E-1340-0CB4-F3D3-7D755DB43490}.Release|x86.Build.0 = Release|Any CPU
		{FA0BE88E-EBD0-586A-41F2-129F5463BA77}.Debug|Any CPU.ActiveCfg = Debug|Any CPU
		{FA0BE88E-EBD0-586A-41F2-129F5463BA77}.Debug|Any CPU.Build.0 = Debug|Any CPU
		{FA0BE88E-EBD0-586A-41F2-129F5463BA77}.Debug|x64.ActiveCfg = Debug|Any CPU
		{FA0BE88E-EBD0-586A-41F2-129F5463BA77}.Debug|x64.Build.0 = Debug|Any CPU
		{FA0BE88E-EBD0-586A-41F2-129F5463BA77}.Debug|x86.ActiveCfg = Debug|Any CPU
		{FA0BE88E-EBD0-586A-41F2-129F5463BA77}.Debug|x86.Build.0 = Debug|Any CPU
		{FA0BE88E-EBD0-586A-41F2-129F5463BA77}.Release|Any CPU.ActiveCfg = Release|Any CPU
		{FA0BE88E-EBD0-586A-41F2-129F5463BA77}.Release|Any CPU.Build.0 = Release|Any CPU
		{FA0BE88E-EBD0-586A-41F2-129F5463BA77}.Release|x64.ActiveCfg = Release|Any CPU
		{FA0BE88E-EBD0-586A-41F2-129F5463BA77}.Release|x64.Build.0 = Release|Any CPU
		{FA0BE88E-EBD0-586A-41F2-129F5463BA77}.Release|x86.ActiveCfg = Release|Any CPU
		{FA0BE88E-EBD0-586A-41F2-129F5463BA77}.Release|x86.Build.0 = Release|Any CPU
		{06E6E1B7-DD2F-F468-AF5F-B2D4EAF73403}.Debug|Any CPU.ActiveCfg = Debug|Any CPU
		{06E6E1B7-DD2F-F468-AF5F-B2D4EAF73403}.Debug|Any CPU.Build.0 = Debug|Any CPU
		{06E6E1B7-DD2F-F468-AF5F-B2D4EAF73403}.Debug|x64.ActiveCfg = Debug|Any CPU
		{06E6E1B7-DD2F-F468-AF5F-B2D4EAF73403}.Debug|x64.Build.0 = Debug|Any CPU
		{06E6E1B7-DD2F-F468-AF5F-B2D4EAF73403}.Debug|x86.ActiveCfg = Debug|Any CPU
		{06E6E1B7-DD2F-F468-AF5F-B2D4EAF73403}.Debug|x86.Build.0 = Debug|Any CPU
		{06E6E1B7-DD2F-F468-AF5F-B2D4EAF73403}.Release|Any CPU.ActiveCfg = Release|Any CPU
		{06E6E1B7-DD2F-F468-AF5F-B2D4EAF73403}.Release|Any CPU.Build.0 = Release|Any CPU
		{06E6E1B7-DD2F-F468-AF5F-B2D4EAF73403}.Release|x64.ActiveCfg = Release|Any CPU
		{06E6E1B7-DD2F-F468-AF5F-B2D4EAF73403}.Release|x64.Build.0 = Release|Any CPU
		{06E6E1B7-DD2F-F468-AF5F-B2D4EAF73403}.Release|x86.ActiveCfg = Release|Any CPU
		{06E6E1B7-DD2F-F468-AF5F-B2D4EAF73403}.Release|x86.Build.0 = Release|Any CPU
		{3B1E6A88-1863-DE46-30D5-363995EF2F3B}.Debug|Any CPU.ActiveCfg = Debug|Any CPU
		{3B1E6A88-1863-DE46-30D5-363995EF2F3B}.Debug|Any CPU.Build.0 = Debug|Any CPU
		{3B1E6A88-1863-DE46-30D5-363995EF2F3B}.Debug|x64.ActiveCfg = Debug|Any CPU
		{3B1E6A88-1863-DE46-30D5-363995EF2F3B}.Debug|x64.Build.0 = Debug|Any CPU
		{3B1E6A88-1863-DE46-30D5-363995EF2F3B}.Debug|x86.ActiveCfg = Debug|Any CPU
		{3B1E6A88-1863-DE46-30D5-363995EF2F3B}.Debug|x86.Build.0 = Debug|Any CPU
		{3B1E6A88-1863-DE46-30D5-363995EF2F3B}.Release|Any CPU.ActiveCfg = Release|Any CPU
		{3B1E6A88-1863-DE46-30D5-363995EF2F3B}.Release|Any CPU.Build.0 = Release|Any CPU
		{3B1E6A88-1863-DE46-30D5-363995EF2F3B}.Release|x64.ActiveCfg = Release|Any CPU
		{3B1E6A88-1863-DE46-30D5-363995EF2F3B}.Release|x64.Build.0 = Release|Any CPU
		{3B1E6A88-1863-DE46-30D5-363995EF2F3B}.Release|x86.ActiveCfg = Release|Any CPU
		{3B1E6A88-1863-DE46-30D5-363995EF2F3B}.Release|x86.Build.0 = Release|Any CPU
	EndGlobalSection
	GlobalSection(SolutionProperties) = preSolution
		HideSolutionNode = FALSE
	EndGlobalSection
	GlobalSection(ExtensibilityGlobals) = postSolution
		SolutionGuid = {0B0A940C-0DF5-41B4-BA8C-B8FA5F46594E}
	EndGlobalSection
EndGlobal
